
Microsoft Visual Studio Solution File, Format Version 12.00
# Visual Studio Version 16
VisualStudioVersion = 25.0.1706.6
MinimumVisualStudioVersion = 10.0.40219.1
Project("{FAE04EC0-301F-11D3-BF4B-00C04F79EFBC}") = "AppMusicRazor", "AppMusicRazor\AppMusicRazor.csproj", "{3A797AAF-B5F8-4C2C-AD7D-FD29B04CCAE8}"
EndProject
Project("{FAE04EC0-301F-11D3-BF4B-00C04F79EFBC}") = "Models", "Models\Models.csproj", "{D195CEE6-F1F5-4E9A-B1D6-D64A5CBD3DAF}"
EndProject
Project("{FAE04EC0-301F-11D3-BF4B-00C04F79EFBC}") = "Configuration", "Configuration\Configuration.csproj", "{9EFAE9B0-21AE-48D6-B6B4-D413AE864E33}"
EndProject
Project("{FAE04EC0-301F-11D3-BF4B-00C04F79EFBC}") = "DbContext", "DbContext\DbContext.csproj", "{CAD2565C-268A-46F8-B850-1A9F7331091B}"
EndProject
Project("{FAE04EC0-301F-11D3-BF4B-00C04F79EFBC}") = "Services", "Services\Services.csproj", "{E7A6EF90-EA77-4F4D-B890-131324C9DAB7}"
EndProject
Project("{FAE04EC0-301F-11D3-BF4B-00C04F79EFBC}") = "AppMusicWebApi", "AppMusicWebApi\AppMusicWebApi.csproj", "{0FC90EA8-86E0-409C-99C3-8E473A16490B}"
EndProject
Project("{FAE04EC0-301F-11D3-BF4B-00C04F79EFBC}") = "AppMusicMVC", "AppMusicMVC\AppMusicMVC.csproj", "{F17E2C52-46DF-4305-8B47-2E0227786603}"
EndProject
Global
	GlobalSection(SolutionConfigurationPlatforms) = preSolution
		Debug|Any CPU = Debug|Any CPU
		Release|Any CPU = Release|Any CPU
	EndGlobalSection
	GlobalSection(ProjectConfigurationPlatforms) = postSolution
		{3A797AAF-B5F8-4C2C-AD7D-FD29B04CCAE8}.Debug|Any CPU.ActiveCfg = Debug|Any CPU
		{3A797AAF-B5F8-4C2C-AD7D-FD29B04CCAE8}.Debug|Any CPU.Build.0 = Debug|Any CPU
		{3A797AAF-B5F8-4C2C-AD7D-FD29B04CCAE8}.Release|Any CPU.ActiveCfg = Release|Any CPU
		{3A797AAF-B5F8-4C2C-AD7D-FD29B04CCAE8}.Release|Any CPU.Build.0 = Release|Any CPU
		{D195CEE6-F1F5-4E9A-B1D6-D64A5CBD3DAF}.Debug|Any CPU.ActiveCfg = Debug|Any CPU
		{D195CEE6-F1F5-4E9A-B1D6-D64A5CBD3DAF}.Debug|Any CPU.Build.0 = Debug|Any CPU
		{D195CEE6-F1F5-4E9A-B1D6-D64A5CBD3DAF}.Release|Any CPU.ActiveCfg = Release|Any CPU
		{D195CEE6-F1F5-4E9A-B1D6-D64A5CBD3DAF}.Release|Any CPU.Build.0 = Release|Any CPU
		{9EFAE9B0-21AE-48D6-B6B4-D413AE864E33}.Debug|Any CPU.ActiveCfg = Debug|Any CPU
		{9EFAE9B0-21AE-48D6-B6B4-D413AE864E33}.Debug|Any CPU.Build.0 = Debug|Any CPU
		{9EFAE9B0-21AE-48D6-B6B4-D413AE864E33}.Release|Any CPU.ActiveCfg = Release|Any CPU
		{9EFAE9B0-21AE-48D6-B6B4-D413AE864E33}.Release|Any CPU.Build.0 = Release|Any CPU
		{CAD2565C-268A-46F8-B850-1A9F7331091B}.Debug|Any CPU.ActiveCfg = Debug|Any CPU
		{CAD2565C-268A-46F8-B850-1A9F7331091B}.Debug|Any CPU.Build.0 = Debug|Any CPU
		{CAD2565C-268A-46F8-B850-1A9F7331091B}.Release|Any CPU.ActiveCfg = Release|Any CPU
		{CAD2565C-268A-46F8-B850-1A9F7331091B}.Release|Any CPU.Build.0 = Release|Any CPU
		{E7A6EF90-EA77-4F4D-B890-131324C9DAB7}.Debug|Any CPU.ActiveCfg = Debug|Any CPU
		{E7A6EF90-EA77-4F4D-B890-131324C9DAB7}.Debug|Any CPU.Build.0 = Debug|Any CPU
		{E7A6EF90-EA77-4F4D-B890-131324C9DAB7}.Release|Any CPU.ActiveCfg = Release|Any CPU
		{E7A6EF90-EA77-4F4D-B890-131324C9DAB7}.Release|Any CPU.Build.0 = Release|Any CPU
		{0FC90EA8-86E0-409C-99C3-8E473A16490B}.Debug|Any CPU.ActiveCfg = Debug|Any CPU
		{0FC90EA8-86E0-409C-99C3-8E473A16490B}.Debug|Any CPU.Build.0 = Debug|Any CPU
		{0FC90EA8-86E0-409C-99C3-8E473A16490B}.Release|Any CPU.ActiveCfg = Release|Any CPU
		{0FC90EA8-86E0-409C-99C3-8E473A16490B}.Release|Any CPU.Build.0 = Release|Any CPU
		{F17E2C52-46DF-4305-8B47-2E0227786603}.Debug|Any CPU.ActiveCfg = Debug|Any CPU
		{F17E2C52-46DF-4305-8B47-2E0227786603}.Debug|Any CPU.Build.0 = Debug|Any CPU
		{F17E2C52-46DF-4305-8B47-2E0227786603}.Release|Any CPU.ActiveCfg = Release|Any CPU
		{F17E2C52-46DF-4305-8B47-2E0227786603}.Release|Any CPU.Build.0 = Release|Any CPU
	EndGlobalSection
	GlobalSection(SolutionProperties) = preSolution
		HideSolutionNode = FALSE
	EndGlobalSection
	GlobalSection(ExtensibilityGlobals) = postSolution
		SolutionGuid = {949A3776-BB17-4109-A2F5-B85AFD4E8506}
	EndGlobalSection
EndGlobal
